
Microsoft Visual Studio Solution File, Format Version 12.00
# Visual Studio Version 17
VisualStudioVersion = 17.11.35303.130
MinimumVisualStudioVersion = 10.0.40219.1
Project("{9A19103F-16F7-4668-BE54-9A1E7A4F7556}") = "WebApplication_Edi_Web_2.0", "WebApplication_Edi_Web_2.0\WebApplication_Edi_Web_2.0.csproj", "{7C28E6F6-2BBD-4EAA-9A38-1D8EF0900259}"
EndProject
Global
	GlobalSection(SolutionConfigurationPlatforms) = preSolution
		Debug|Any CPU = Debug|Any CPU
		Release|Any CPU = Release|Any CPU
	EndGlobalSection
	GlobalSection(ProjectConfigurationPlatforms) = postSolution
		{7C28E6F6-2BBD-4EAA-9A38-1D8EF0900259}.Debug|Any CPU.ActiveCfg = Debug|Any CPU
		{7C28E6F6-2BBD-4EAA-9A38-1D8EF0900259}.Debug|Any CPU.Build.0 = Debug|Any CPU
		{7C28E6F6-2BBD-4EAA-9A38-1D8EF0900259}.Release|Any CPU.ActiveCfg = Release|Any CPU
		{7C28E6F6-2BBD-4EAA-9A38-1D8EF0900259}.Release|Any CPU.Build.0 = Release|Any CPU
	EndGlobalSection
	GlobalSection(SolutionProperties) = preSolution
		HideSolutionNode = FALSE
	EndGlobalSection
	GlobalSection(ExtensibilityGlobals) = postSolution
		SolutionGuid = {AFAA4D07-067E-4E57-88B8-E0BD5914DF20}
	EndGlobalSection
EndGlobal
